
Microsoft Visual Studio Solution File, Format Version 12.00
# Visual Studio Version 16
VisualStudioVersion = 16.0.28922.388
MinimumVisualStudioVersion = 10.0.40219.1
Project("{FAE04EC0-301F-11D3-BF4B-00C04F79EFBC}") = "Barbiere_WCF_Server", "Barbiere_WCF_Server\Barbiere_WCF_Server.csproj", "{97CED173-3190-4713-B136-E84DC73A2299}"
EndProject
Project("{FAE04EC0-301F-11D3-BF4B-00C04F79EFBC}") = "Barbiere_WCF_Client", "Barbiere_WCF_Client\Barbiere_WCF_Client.csproj", "{A03C8E61-5DD3-4F3F-B343-919011192485}"
	ProjectSection(ProjectDependencies) = postProject
		{97CED173-3190-4713-B136-E84DC73A2299} = {97CED173-3190-4713-B136-E84DC73A2299}
	EndProjectSection
EndProject
Global
	GlobalSection(SolutionConfigurationPlatforms) = preSolution
		Debug|Any CPU = Debug|Any CPU
		Release|Any CPU = Release|Any CPU
	EndGlobalSection
	GlobalSection(ProjectConfigurationPlatforms) = postSolution
		{97CED173-3190-4713-B136-E84DC73A2299}.Debug|Any CPU.ActiveCfg = Debug|Any CPU
		{97CED173-3190-4713-B136-E84DC73A2299}.Debug|Any CPU.Build.0 = Debug|Any CPU
		{97CED173-3190-4713-B136-E84DC73A2299}.Release|Any CPU.ActiveCfg = Release|Any CPU
		{97CED173-3190-4713-B136-E84DC73A2299}.Release|Any CPU.Build.0 = Release|Any CPU
		{A03C8E61-5DD3-4F3F-B343-919011192485}.Debug|Any CPU.ActiveCfg = Debug|Any CPU
		{A03C8E61-5DD3-4F3F-B343-919011192485}.Debug|Any CPU.Build.0 = Debug|Any CPU
		{A03C8E61-5DD3-4F3F-B343-919011192485}.Release|Any CPU.ActiveCfg = Release|Any CPU
		{A03C8E61-5DD3-4F3F-B343-919011192485}.Release|Any CPU.Build.0 = Release|Any CPU
	EndGlobalSection
	GlobalSection(SolutionProperties) = preSolution
		HideSolutionNode = FALSE
	EndGlobalSection
	GlobalSection(ExtensibilityGlobals) = postSolution
		SolutionGuid = {90A08740-C28C-40EF-A610-91CBF0A43F29}
	EndGlobalSection
EndGlobal
